// !$*UTF8*$!
{
	archiveVersion = 1;
	classes = {
	};
	objectVersion = 56;
	objects = {

/* Begin PBXBuildFile section */
		325A03762C09972B0061C485 /* RoundedRectLabel.swift in Sources */ = {isa = PBXBuildFile; fileRef = 325A03752C09972B0061C485 /* RoundedRectLabel.swift */; };
		325A03792C0A95930061C485 /* AddFoodItemView.swift in Sources */ = {isa = PBXBuildFile; fileRef = 325A03782C0A95930061C485 /* AddFoodItemView.swift */; };
		325A037B2C0AB13B0061C485 /* FoodItem.swift in Sources */ = {isa = PBXBuildFile; fileRef = 325A037A2C0AB13B0061C485 /* FoodItem.swift */; };
		327743CB2C09484800368411 /* HealthBuddyApp.swift in Sources */ = {isa = PBXBuildFile; fileRef = 327743CA2C09484800368411 /* HealthBuddyApp.swift */; };
		327743CD2C09484800368411 /* ContentView.swift in Sources */ = {isa = PBXBuildFile; fileRef = 327743CC2C09484800368411 /* ContentView.swift */; };
		327743CF2C09485100368411 /* Assets.xcassets in Resources */ = {isa = PBXBuildFile; fileRef = 327743CE2C09485100368411 /* Assets.xcassets */; };
		327743D22C09485100368411 /* Preview Assets.xcassets in Resources */ = {isa = PBXBuildFile; fileRef = 327743D12C09485100368411 /* Preview Assets.xcassets */; };
		327743DC2C09485100368411 /* HealthBuddyTests.swift in Sources */ = {isa = PBXBuildFile; fileRef = 327743DB2C09485100368411 /* HealthBuddyTests.swift */; };
		327743E62C09485100368411 /* HealthBuddyUITests.swift in Sources */ = {isa = PBXBuildFile; fileRef = 327743E52C09485100368411 /* HealthBuddyUITests.swift */; };
		327743E82C09485100368411 /* HealthBuddyUITestsLaunchTests.swift in Sources */ = {isa = PBXBuildFile; fileRef = 327743E72C09485100368411 /* HealthBuddyUITestsLaunchTests.swift */; };
		327743F52C09867100368411 /* DocumentScannerView.swift in Sources */ = {isa = PBXBuildFile; fileRef = 327743F42C09867000368411 /* DocumentScannerView.swift */; };
		32FEC2B92C1015C500A09524 /* ScannerView.swift in Sources */ = {isa = PBXBuildFile; fileRef = 32FEC2B82C1015C500A09524 /* ScannerView.swift */; };
		32FEC2BD2C101B6900A09524 /* DailyNutritionLog.swift in Sources */ = {isa = PBXBuildFile; fileRef = 32FEC2BC2C101B6900A09524 /* DailyNutritionLog.swift */; };
		32FEC2BF2C10415100A09524 /* HomeView.swift in Sources */ = {isa = PBXBuildFile; fileRef = 32FEC2BE2C10415000A09524 /* HomeView.swift */; };
/* End PBXBuildFile section */

/* Begin PBXContainerItemProxy section */
		327743D82C09485100368411 /* PBXContainerItemProxy */ = {
			isa = PBXContainerItemProxy;
			containerPortal = 327743BF2C09484800368411 /* Project object */;
			proxyType = 1;
			remoteGlobalIDString = 327743C62C09484800368411;
			remoteInfo = HealthBuddy;
		};
		327743E22C09485100368411 /* PBXContainerItemProxy */ = {
			isa = PBXContainerItemProxy;
			containerPortal = 327743BF2C09484800368411 /* Project object */;
			proxyType = 1;
			remoteGlobalIDString = 327743C62C09484800368411;
			remoteInfo = HealthBuddy;
		};
/* End PBXContainerItemProxy section */

/* Begin PBXFileReference section */
		325A03752C09972B0061C485 /* RoundedRectLabel.swift */ = {isa = PBXFileReference; lastKnownFileType = sourcecode.swift; path = RoundedRectLabel.swift; sourceTree = "<group>"; };
		325A03772C099BF60061C485 /* Info.plist */ = {isa = PBXFileReference; lastKnownFileType = text.plist; path = Info.plist; sourceTree = "<group>"; };
		325A03782C0A95930061C485 /* AddFoodItemView.swift */ = {isa = PBXFileReference; lastKnownFileType = sourcecode.swift; path = AddFoodItemView.swift; sourceTree = "<group>"; };
		325A037A2C0AB13B0061C485 /* FoodItem.swift */ = {isa = PBXFileReference; lastKnownFileType = sourcecode.swift; path = FoodItem.swift; sourceTree = "<group>"; };
		327743C72C09484800368411 /* HealthBuddy.app */ = {isa = PBXFileReference; explicitFileType = wrapper.application; includeInIndex = 0; path = HealthBuddy.app; sourceTree = BUILT_PRODUCTS_DIR; };
		327743CA2C09484800368411 /* HealthBuddyApp.swift */ = {isa = PBXFileReference; lastKnownFileType = sourcecode.swift; path = HealthBuddyApp.swift; sourceTree = "<group>"; };
		327743CC2C09484800368411 /* ContentView.swift */ = {isa = PBXFileReference; lastKnownFileType = sourcecode.swift; path = ContentView.swift; sourceTree = "<group>"; };
		327743CE2C09485100368411 /* Assets.xcassets */ = {isa = PBXFileReference; lastKnownFileType = folder.assetcatalog; path = Assets.xcassets; sourceTree = "<group>"; };
		327743D12C09485100368411 /* Preview Assets.xcassets */ = {isa = PBXFileReference; lastKnownFileType = folder.assetcatalog; path = "Preview Assets.xcassets"; sourceTree = "<group>"; };
		327743D72C09485100368411 /* HealthBuddyTests.xctest */ = {isa = PBXFileReference; explicitFileType = wrapper.cfbundle; includeInIndex = 0; path = HealthBuddyTests.xctest; sourceTree = BUILT_PRODUCTS_DIR; };
		327743DB2C09485100368411 /* HealthBuddyTests.swift */ = {isa = PBXFileReference; lastKnownFileType = sourcecode.swift; path = HealthBuddyTests.swift; sourceTree = "<group>"; };
		327743E12C09485100368411 /* HealthBuddyUITests.xctest */ = {isa = PBXFileReference; explicitFileType = wrapper.cfbundle; includeInIndex = 0; path = HealthBuddyUITests.xctest; sourceTree = BUILT_PRODUCTS_DIR; };
		327743E52C09485100368411 /* HealthBuddyUITests.swift */ = {isa = PBXFileReference; lastKnownFileType = sourcecode.swift; path = HealthBuddyUITests.swift; sourceTree = "<group>"; };
		327743E72C09485100368411 /* HealthBuddyUITestsLaunchTests.swift */ = {isa = PBXFileReference; lastKnownFileType = sourcecode.swift; path = HealthBuddyUITestsLaunchTests.swift; sourceTree = "<group>"; };
		327743F42C09867000368411 /* DocumentScannerView.swift */ = {isa = PBXFileReference; lastKnownFileType = sourcecode.swift; path = DocumentScannerView.swift; sourceTree = "<group>"; };
		32FEC2B82C1015C500A09524 /* ScannerView.swift */ = {isa = PBXFileReference; lastKnownFileType = sourcecode.swift; path = ScannerView.swift; sourceTree = "<group>"; };
		32FEC2BC2C101B6900A09524 /* DailyNutritionLog.swift */ = {isa = PBXFileReference; lastKnownFileType = sourcecode.swift; path = DailyNutritionLog.swift; sourceTree = "<group>"; };
		32FEC2BE2C10415000A09524 /* HomeView.swift */ = {isa = PBXFileReference; lastKnownFileType = sourcecode.swift; path = HomeView.swift; sourceTree = "<group>"; };
/* End PBXFileReference section */

/* Begin PBXFrameworksBuildPhase section */
		327743C42C09484800368411 /* Frameworks */ = {
			isa = PBXFrameworksBuildPhase;
			buildActionMask = 2147483647;
			files = (
			);
			runOnlyForDeploymentPostprocessing = 0;
		};
		327743D42C09485100368411 /* Frameworks */ = {
			isa = PBXFrameworksBuildPhase;
			buildActionMask = 2147483647;
			files = (
			);
			runOnlyForDeploymentPostprocessing = 0;
		};
		327743DE2C09485100368411 /* Frameworks */ = {
			isa = PBXFrameworksBuildPhase;
			buildActionMask = 2147483647;
			files = (
			);
			runOnlyForDeploymentPostprocessing = 0;
		};
/* End PBXFrameworksBuildPhase section */

/* Begin PBXGroup section */
		327743BE2C09484800368411 = {
			isa = PBXGroup;
			children = (
				327743C92C09484800368411 /* HealthBuddy */,
				327743DA2C09485100368411 /* HealthBuddyTests */,
				327743E42C09485100368411 /* HealthBuddyUITests */,
				327743C82C09484800368411 /* Products */,
			);
			sourceTree = "<group>";
		};
		327743C82C09484800368411 /* Products */ = {
			isa = PBXGroup;
			children = (
				327743C72C09484800368411 /* HealthBuddy.app */,
				327743D72C09485100368411 /* HealthBuddyTests.xctest */,
				327743E12C09485100368411 /* HealthBuddyUITests.xctest */,
			);
			name = Products;
			sourceTree = "<group>";
		};
		327743C92C09484800368411 /* HealthBuddy */ = {
			isa = PBXGroup;
			children = (
				325A03772C099BF60061C485 /* Info.plist */,
				325A03752C09972B0061C485 /* RoundedRectLabel.swift */,
				327743CA2C09484800368411 /* HealthBuddyApp.swift */,
				327743CC2C09484800368411 /* ContentView.swift */,
				327743CE2C09485100368411 /* Assets.xcassets */,
				327743D02C09485100368411 /* Preview Content */,
				327743F42C09867000368411 /* DocumentScannerView.swift */,
				325A03782C0A95930061C485 /* AddFoodItemView.swift */,
				325A037A2C0AB13B0061C485 /* FoodItem.swift */,
				32FEC2B82C1015C500A09524 /* ScannerView.swift */,
				32FEC2BC2C101B6900A09524 /* DailyNutritionLog.swift */,
				32FEC2BE2C10415000A09524 /* HomeView.swift */,
			);
			path = HealthBuddy;
			sourceTree = "<group>";
		};
		327743D02C09485100368411 /* Preview Content */ = {
			isa = PBXGroup;
			children = (
				327743D12C09485100368411 /* Preview Assets.xcassets */,
			);
			path = "Preview Content";
			sourceTree = "<group>";
		};
		327743DA2C09485100368411 /* HealthBuddyTests */ = {
			isa = PBXGroup;
			children = (
				327743DB2C09485100368411 /* HealthBuddyTests.swift */,
			);
			path = HealthBuddyTests;
			sourceTree = "<group>";
		};
		327743E42C09485100368411 /* HealthBuddyUITests */ = {
			isa = PBXGroup;
			children = (
				327743E52C09485100368411 /* HealthBuddyUITests.swift */,
				327743E72C09485100368411 /* HealthBuddyUITestsLaunchTests.swift */,
			);
			path = HealthBuddyUITests;
			sourceTree = "<group>";
		};
/* End PBXGroup section */

/* Begin PBXNativeTarget section */
		327743C62C09484800368411 /* HealthBuddy */ = {
			isa = PBXNativeTarget;
			buildConfigurationList = 327743EB2C09485100368411 /* Build configuration list for PBXNativeTarget "HealthBuddy" */;
			buildPhases = (
				327743C32C09484800368411 /* Sources */,
				327743C42C09484800368411 /* Frameworks */,
				327743C52C09484800368411 /* Resources */,
			);
			buildRules = (
			);
			dependencies = (
			);
			name = HealthBuddy;
			productName = HealthBuddy;
			productReference = 327743C72C09484800368411 /* HealthBuddy.app */;
			productType = "com.apple.product-type.application";
		};
		327743D62C09485100368411 /* HealthBuddyTests */ = {
			isa = PBXNativeTarget;
			buildConfigurationList = 327743EE2C09485100368411 /* Build configuration list for PBXNativeTarget "HealthBuddyTests" */;
			buildPhases = (
				327743D32C09485100368411 /* Sources */,
				327743D42C09485100368411 /* Frameworks */,
				327743D52C09485100368411 /* Resources */,
			);
			buildRules = (
			);
			dependencies = (
				327743D92C09485100368411 /* PBXTargetDependency */,
			);
			name = HealthBuddyTests;
			productName = HealthBuddyTests;
			productReference = 327743D72C09485100368411 /* HealthBuddyTests.xctest */;
			productType = "com.apple.product-type.bundle.unit-test";
		};
		327743E02C09485100368411 /* HealthBuddyUITests */ = {
			isa = PBXNativeTarget;
			buildConfigurationList = 327743F12C09485100368411 /* Build configuration list for PBXNativeTarget "HealthBuddyUITests" */;
			buildPhases = (
				327743DD2C09485100368411 /* Sources */,
				327743DE2C09485100368411 /* Frameworks */,
				327743DF2C09485100368411 /* Resources */,
			);
			buildRules = (
			);
			dependencies = (
				327743E32C09485100368411 /* PBXTargetDependency */,
			);
			name = HealthBuddyUITests;
			productName = HealthBuddyUITests;
			productReference = 327743E12C09485100368411 /* HealthBuddyUITests.xctest */;
			productType = "com.apple.product-type.bundle.ui-testing";
		};
/* End PBXNativeTarget section */

/* Begin PBXProject section */
		327743BF2C09484800368411 /* Project object */ = {
			isa = PBXProject;
			attributes = {
				BuildIndependentTargetsInParallel = 1;
				LastSwiftUpdateCheck = 1520;
				LastUpgradeCheck = 1520;
				TargetAttributes = {
					327743C62C09484800368411 = {
						CreatedOnToolsVersion = 15.2;
					};
					327743D62C09485100368411 = {
						CreatedOnToolsVersion = 15.2;
						TestTargetID = 327743C62C09484800368411;
					};
					327743E02C09485100368411 = {
						CreatedOnToolsVersion = 15.2;
						TestTargetID = 327743C62C09484800368411;
					};
				};
			};
			buildConfigurationList = 327743C22C09484800368411 /* Build configuration list for PBXProject "HealthBuddy" */;
			compatibilityVersion = "Xcode 14.0";
			developmentRegion = en;
			hasScannedForEncodings = 0;
			knownRegions = (
				en,
				Base,
			);
			mainGroup = 327743BE2C09484800368411;
			productRefGroup = 327743C82C09484800368411 /* Products */;
			projectDirPath = "";
			projectRoot = "";
			targets = (
				327743C62C09484800368411 /* HealthBuddy */,
				327743D62C09485100368411 /* HealthBuddyTests */,
				327743E02C09485100368411 /* HealthBuddyUITests */,
			);
		};
/* End PBXProject section */

/* Begin PBXResourcesBuildPhase section */
		327743C52C09484800368411 /* Resources */ = {
			isa = PBXResourcesBuildPhase;
			buildActionMask = 2147483647;
			files = (
				327743D22C09485100368411 /* Preview Assets.xcassets in Resources */,
				327743CF2C09485100368411 /* Assets.xcassets in Resources */,
			);
			runOnlyForDeploymentPostprocessing = 0;
		};
		327743D52C09485100368411 /* Resources */ = {
			isa = PBXResourcesBuildPhase;
			buildActionMask = 2147483647;
			files = (
			);
			runOnlyForDeploymentPostprocessing = 0;
		};
		327743DF2C09485100368411 /* Resources */ = {
			isa = PBXResourcesBuildPhase;
			buildActionMask = 2147483647;
			files = (
			);
			runOnlyForDeploymentPostprocessing = 0;
		};
/* End PBXResourcesBuildPhase section */

/* Begin PBXSourcesBuildPhase section */
		327743C32C09484800368411 /* Sources */ = {
			isa = PBXSourcesBuildPhase;
			buildActionMask = 2147483647;
			files = (
				32FEC2BF2C10415100A09524 /* HomeView.swift in Sources */,
				325A03792C0A95930061C485 /* AddFoodItemView.swift in Sources */,
				325A03762C09972B0061C485 /* RoundedRectLabel.swift in Sources */,
				327743CD2C09484800368411 /* ContentView.swift in Sources */,
				32FEC2BD2C101B6900A09524 /* DailyNutritionLog.swift in Sources */,
				327743CB2C09484800368411 /* HealthBuddyApp.swift in Sources */,
				325A037B2C0AB13B0061C485 /* FoodItem.swift in Sources */,
				32FEC2B92C1015C500A09524 /* ScannerView.swift in Sources */,
				327743F52C09867100368411 /* DocumentScannerView.swift in Sources */,
			);
			runOnlyForDeploymentPostprocessing = 0;
		};
		327743D32C09485100368411 /* Sources */ = {
			isa = PBXSourcesBuildPhase;
			buildActionMask = 2147483647;
			files = (
				327743DC2C09485100368411 /* HealthBuddyTests.swift in Sources */,
			);
			runOnlyForDeploymentPostprocessing = 0;
		};
		327743DD2C09485100368411 /* Sources */ = {
			isa = PBXSourcesBuildPhase;
			buildActionMask = 2147483647;
			files = (
				327743E62C09485100368411 /* HealthBuddyUITests.swift in Sources */,
				327743E82C09485100368411 /* HealthBuddyUITestsLaunchTests.swift in Sources */,
			);
			runOnlyForDeploymentPostprocessing = 0;
		};
/* End PBXSourcesBuildPhase section */

/* Begin PBXTargetDependency section */
		327743D92C09485100368411 /* PBXTargetDependency */ = {
			isa = PBXTargetDependency;
			target = 327743C62C09484800368411 /* HealthBuddy */;
			targetProxy = 327743D82C09485100368411 /* PBXContainerItemProxy */;
		};
		327743E32C09485100368411 /* PBXTargetDependency */ = {
			isa = PBXTargetDependency;
			target = 327743C62C09484800368411 /* HealthBuddy */;
			targetProxy = 327743E22C09485100368411 /* PBXContainerItemProxy */;
		};
/* End PBXTargetDependency section */

/* Begin XCBuildConfiguration section */
		327743E92C09485100368411 /* Debug */ = {
			isa = XCBuildConfiguration;
			buildSettings = {
				ALWAYS_SEARCH_USER_PATHS = NO;
				ASSETCATALOG_COMPILER_GENERATE_SWIFT_ASSET_SYMBOL_EXTENSIONS = YES;
				CLANG_ANALYZER_NONNULL = YES;
				CLANG_ANALYZER_NUMBER_OBJECT_CONVERSION = YES_AGGRESSIVE;
				CLANG_CXX_LANGUAGE_STANDARD = "gnu++20";
				CLANG_ENABLE_MODULES = YES;
				CLANG_ENABLE_OBJC_ARC = YES;
				CLANG_ENABLE_OBJC_WEAK = YES;
				CLANG_WARN_BLOCK_CAPTURE_AUTORELEASING = YES;
				CLANG_WARN_BOOL_CONVERSION = YES;
				CLANG_WARN_COMMA = YES;
				CLANG_WARN_CONSTANT_CONVERSION = YES;
				CLANG_WARN_DEPRECATED_OBJC_IMPLEMENTATIONS = YES;
				CLANG_WARN_DIRECT_OBJC_ISA_USAGE = YES_ERROR;
				CLANG_WARN_DOCUMENTATION_COMMENTS = YES;
				CLANG_WARN_EMPTY_BODY = YES;
				CLANG_WARN_ENUM_CONVERSION = YES;
				CLANG_WARN_INFINITE_RECURSION = YES;
				CLANG_WARN_INT_CONVERSION = YES;
				CLANG_WARN_NON_LITERAL_NULL_CONVERSION = YES;
				CLANG_WARN_OBJC_IMPLICIT_RETAIN_SELF = YES;
				CLANG_WARN_OBJC_LITERAL_CONVERSION = YES;
				CLANG_WARN_OBJC_ROOT_CLASS = YES_ERROR;
				CLANG_WARN_QUOTED_INCLUDE_IN_FRAMEWORK_HEADER = YES;
				CLANG_WARN_RANGE_LOOP_ANALYSIS = YES;
				CLANG_WARN_STRICT_PROTOTYPES = YES;
				CLANG_WARN_SUSPICIOUS_MOVE = YES;
				CLANG_WARN_UNGUARDED_AVAILABILITY = YES_AGGRESSIVE;
				CLANG_WARN_UNREACHABLE_CODE = YES;
				CLANG_WARN__DUPLICATE_METHOD_MATCH = YES;
				COPY_PHASE_STRIP = NO;
				DEBUG_INFORMATION_FORMAT = dwarf;
				ENABLE_STRICT_OBJC_MSGSEND = YES;
				ENABLE_TESTABILITY = YES;
				ENABLE_USER_SCRIPT_SANDBOXING = YES;
				GCC_C_LANGUAGE_STANDARD = gnu17;
				GCC_DYNAMIC_NO_PIC = NO;
				GCC_NO_COMMON_BLOCKS = YES;
				GCC_OPTIMIZATION_LEVEL = 0;
				GCC_PREPROCESSOR_DEFINITIONS = (
					"DEBUG=1",
					"$(inherited)",
				);
				GCC_WARN_64_TO_32_BIT_CONVERSION = YES;
				GCC_WARN_ABOUT_RETURN_TYPE = YES_ERROR;
				GCC_WARN_UNDECLARED_SELECTOR = YES;
				GCC_WARN_UNINITIALIZED_AUTOS = YES_AGGRESSIVE;
				GCC_WARN_UNUSED_FUNCTION = YES;
				GCC_WARN_UNUSED_VARIABLE = YES;
				IPHONEOS_DEPLOYMENT_TARGET = 17.2;
				LOCALIZATION_PREFERS_STRING_CATALOGS = YES;
				MTL_ENABLE_DEBUG_INFO = INCLUDE_SOURCE;
				MTL_FAST_MATH = YES;
				ONLY_ACTIVE_ARCH = YES;
				SDKROOT = iphoneos;
				SWIFT_ACTIVE_COMPILATION_CONDITIONS = "DEBUG $(inherited)";
				SWIFT_OPTIMIZATION_LEVEL = "-Onone";
			};
			name = Debug;
		};
		327743EA2C09485100368411 /* Release */ = {
			isa = XCBuildConfiguration;
			buildSettings = {
				ALWAYS_SEARCH_USER_PATHS = NO;
				ASSETCATALOG_COMPILER_GENERATE_SWIFT_ASSET_SYMBOL_EXTENSIONS = YES;
				CLANG_ANALYZER_NONNULL = YES;
				CLANG_ANALYZER_NUMBER_OBJECT_CONVERSION = YES_AGGRESSIVE;
				CLANG_CXX_LANGUAGE_STANDARD = "gnu++20";
				CLANG_ENABLE_MODULES = YES;
				CLANG_ENABLE_OBJC_ARC = YES;
				CLANG_ENABLE_OBJC_WEAK = YES;
				CLANG_WARN_BLOCK_CAPTURE_AUTORELEASING = YES;
				CLANG_WARN_BOOL_CONVERSION = YES;
				CLANG_WARN_COMMA = YES;
				CLANG_WARN_CONSTANT_CONVERSION = YES;
				CLANG_WARN_DEPRECATED_OBJC_IMPLEMENTATIONS = YES;
				CLANG_WARN_DIRECT_OBJC_ISA_USAGE = YES_ERROR;
				CLANG_WARN_DOCUMENTATION_COMMENTS = YES;
				CLANG_WARN_EMPTY_BODY = YES;
				CLANG_WARN_ENUM_CONVERSION = YES;
				CLANG_WARN_INFINITE_RECURSION = YES;
				CLANG_WARN_INT_CONVERSION = YES;
				CLANG_WARN_NON_LITERAL_NULL_CONVERSION = YES;
				CLANG_WARN_OBJC_IMPLICIT_RETAIN_SELF = YES;
				CLANG_WARN_OBJC_LITERAL_CONVERSION = YES;
				CLANG_WARN_OBJC_ROOT_CLASS = YES_ERROR;
				CLANG_WARN_QUOTED_INCLUDE_IN_FRAMEWORK_HEADER = YES;
				CLANG_WARN_RANGE_LOOP_ANALYSIS = YES;
				CLANG_WARN_STRICT_PROTOTYPES = YES;
				CLANG_WARN_SUSPICIOUS_MOVE = YES;
				CLANG_WARN_UNGUARDED_AVAILABILITY = YES_AGGRESSIVE;
				CLANG_WARN_UNREACHABLE_CODE = YES;
				CLANG_WARN__DUPLICATE_METHOD_MATCH = YES;
				COPY_PHASE_STRIP = NO;
				DEBUG_INFORMATION_FORMAT = "dwarf-with-dsym";
				ENABLE_NS_ASSERTIONS = NO;
				ENABLE_STRICT_OBJC_MSGSEND = YES;
				ENABLE_USER_SCRIPT_SANDBOXING = YES;
				GCC_C_LANGUAGE_STANDARD = gnu17;
				GCC_NO_COMMON_BLOCKS = YES;
				GCC_WARN_64_TO_32_BIT_CONVERSION = YES;
				GCC_WARN_ABOUT_RETURN_TYPE = YES_ERROR;
				GCC_WARN_UNDECLARED_SELECTOR = YES;
				GCC_WARN_UNINITIALIZED_AUTOS = YES_AGGRESSIVE;
				GCC_WARN_UNUSED_FUNCTION = YES;
				GCC_WARN_UNUSED_VARIABLE = YES;
				IPHONEOS_DEPLOYMENT_TARGET = 17.2;
				LOCALIZATION_PREFERS_STRING_CATALOGS = YES;
				MTL_ENABLE_DEBUG_INFO = NO;
				MTL_FAST_MATH = YES;
				SDKROOT = iphoneos;
				SWIFT_COMPILATION_MODE = wholemodule;
				VALIDATE_PRODUCT = YES;
			};
			name = Release;
		};
		327743EC2C09485100368411 /* Debug */ = {
			isa = XCBuildConfiguration;
			buildSettings = {
				ASSETCATALOG_COMPILER_APPICON_NAME = AppIcon;
				ASSETCATALOG_COMPILER_GLOBAL_ACCENT_COLOR_NAME = AccentColor;
				CODE_SIGN_STYLE = Automatic;
				CURRENT_PROJECT_VERSION = 1;
				DEVELOPMENT_ASSET_PATHS = "\"HealthBuddy/Preview Content\"";
				DEVELOPMENT_TEAM = 9H6YQ89ZL2;
				ENABLE_PREVIEWS = YES;
				GENERATE_INFOPLIST_FILE = YES;
				INFOPLIST_FILE = HealthBuddy/Info.plist;
				INFOPLIST_KEY_NSCameraUsageDescription = "We need to access the camera to scan documents";
				INFOPLIST_KEY_UIApplicationSceneManifest_Generation = YES;
				"INFOPLIST_KEY_UIApplicationSceneManifest_Generation[sdk=*]" = YES;
				INFOPLIST_KEY_UIApplicationSupportsIndirectInputEvents = YES;
				INFOPLIST_KEY_UILaunchScreen_Generation = YES;
				INFOPLIST_KEY_UISupportedInterfaceOrientations_iPad = "UIInterfaceOrientationPortrait UIInterfaceOrientationPortraitUpsideDown UIInterfaceOrientationLandscapeLeft UIInterfaceOrientationLandscapeRight";
				INFOPLIST_KEY_UISupportedInterfaceOrientations_iPhone = "UIInterfaceOrientationPortrait UIInterfaceOrientationLandscapeLeft UIInterfaceOrientationLandscapeRight";
				LD_RUNPATH_SEARCH_PATHS = (
					"$(inherited)",
					"@executable_path/Frameworks",
				);
				MARKETING_VERSION = 1.0;
				NEW_SETTING = "";
				PRODUCT_BUNDLE_IDENTIFIER = com.mmeraz2.HealthBuddy;
				PRODUCT_NAME = "$(TARGET_NAME)";
				SWIFT_EMIT_LOC_STRINGS = YES;
				SWIFT_VERSION = 5.0;
				TARGETED_DEVICE_FAMILY = "1,2";
			};
			name = Debug;
		};
		327743ED2C09485100368411 /* Release */ = {
			isa = XCBuildConfiguration;
			buildSettings = {
				ASSETCATALOG_COMPILER_APPICON_NAME = AppIcon;
				ASSETCATALOG_COMPILER_GLOBAL_ACCENT_COLOR_NAME = AccentColor;
				CODE_SIGN_STYLE = Automatic;
				CURRENT_PROJECT_VERSION = 1;
				DEVELOPMENT_ASSET_PATHS = "\"HealthBuddy/Preview Content\"";
				DEVELOPMENT_TEAM = 9H6YQ89ZL2;
				ENABLE_PREVIEWS = YES;
				GENERATE_INFOPLIST_FILE = YES;
				INFOPLIST_FILE = HealthBuddy/Info.plist;
				INFOPLIST_KEY_NSCameraUsageDescription = "We need to access the camera to scan documents";
				INFOPLIST_KEY_UIApplicationSceneManifest_Generation = YES;
				INFOPLIST_KEY_UIApplicationSupportsIndirectInputEvents = YES;
				INFOPLIST_KEY_UILaunchScreen_Generation = YES;
				INFOPLIST_KEY_UISupportedInterfaceOrientations_iPad = "UIInterfaceOrientationPortrait UIInterfaceOrientationPortraitUpsideDown UIInterfaceOrientationLandscapeLeft UIInterfaceOrientationLandscapeRight";
				INFOPLIST_KEY_UISupportedInterfaceOrientations_iPhone = "UIInterfaceOrientationPortrait UIInterfaceOrientationLandscapeLeft UIInterfaceOrientationLandscapeRight";
				LD_RUNPATH_SEARCH_PATHS = (
					"$(inherited)",
					"@executable_path/Frameworks",
				);
				MARKETING_VERSION = 1.0;
				NEW_SETTING = "";
				PRODUCT_BUNDLE_IDENTIFIER = com.mmeraz2.HealthBuddy;
				PRODUCT_NAME = "$(TARGET_NAME)";
				SWIFT_EMIT_LOC_STRINGS = YES;
				SWIFT_VERSION = 5.0;
				TARGETED_DEVICE_FAMILY = "1,2";
			};
			name = Release;
		};
		327743EF2C09485100368411 /* Debug */ = {
			isa = XCBuildConfiguration;
			buildSettings = {
				ALWAYS_EMBED_SWIFT_STANDARD_LIBRARIES = YES;
				BUNDLE_LOADER = "$(TEST_HOST)";
				CODE_SIGN_STYLE = Automatic;
				CURRENT_PROJECT_VERSION = 1;
				GENERATE_INFOPLIST_FILE = YES;
				IPHONEOS_DEPLOYMENT_TARGET = 17.2;
				MARKETING_VERSION = 1.0;
				PRODUCT_BUNDLE_IDENTIFIER = com.mmeraz2.HealthBuddyTests;
				PRODUCT_NAME = "$(TARGET_NAME)";
				SWIFT_EMIT_LOC_STRINGS = NO;
				SWIFT_VERSION = 5.0;
				TARGETED_DEVICE_FAMILY = "1,2";
				TEST_HOST = "$(BUILT_PRODUCTS_DIR)/HealthBuddy.app/$(BUNDLE_EXECUTABLE_FOLDER_PATH)/HealthBuddy";
			};
			name = Debug;
		};
		327743F02C09485100368411 /* Release */ = {
			isa = XCBuildConfiguration;
			buildSettings = {
				ALWAYS_EMBED_SWIFT_STANDARD_LIBRARIES = YES;
				BUNDLE_LOADER = "$(TEST_HOST)";
				CODE_SIGN_STYLE = Automatic;
				CURRENT_PROJECT_VERSION = 1;
				GENERATE_INFOPLIST_FILE = YES;
				IPHONEOS_DEPLOYMENT_TARGET = 17.2;
				MARKETING_VERSION = 1.0;
				PRODUCT_BUNDLE_IDENTIFIER = com.mmeraz2.HealthBuddyTests;
				PRODUCT_NAME = "$(TARGET_NAME)";
				SWIFT_EMIT_LOC_STRINGS = NO;
				SWIFT_VERSION = 5.0;
				TARGETED_DEVICE_FAMILY = "1,2";
				TEST_HOST = "$(BUILT_PRODUCTS_DIR)/HealthBuddy.app/$(BUNDLE_EXECUTABLE_FOLDER_PATH)/HealthBuddy";
			};
			name = Release;
		};
		327743F22C09485100368411 /* Debug */ = {
			isa = XCBuildConfiguration;
			buildSettings = {
				ALWAYS_EMBED_SWIFT_STANDARD_LIBRARIES = YES;
				CODE_SIGN_STYLE = Automatic;
				CURRENT_PROJECT_VERSION = 1;
				GENERATE_INFOPLIST_FILE = YES;
				MARKETING_VERSION = 1.0;
				PRODUCT_BUNDLE_IDENTIFIER = com.mmeraz2.HealthBuddyUITests;
				PRODUCT_NAME = "$(TARGET_NAME)";
				SWIFT_EMIT_LOC_STRINGS = NO;
				SWIFT_VERSION = 5.0;
				TARGETED_DEVICE_FAMILY = "1,2";
				TEST_TARGET_NAME = HealthBuddy;
			};
			name = Debug;
		};
		327743F32C09485100368411 /* Release */ = {
			isa = XCBuildConfiguration;
			buildSettings = {
				ALWAYS_EMBED_SWIFT_STANDARD_LIBRARIES = YES;
				CODE_SIGN_STYLE = Automatic;
				CURRENT_PROJECT_VERSION = 1;
				GENERATE_INFOPLIST_FILE = YES;
				MARKETING_VERSION = 1.0;
				PRODUCT_BUNDLE_IDENTIFIER = com.mmeraz2.HealthBuddyUITests;
				PRODUCT_NAME = "$(TARGET_NAME)";
				SWIFT_EMIT_LOC_STRINGS = NO;
				SWIFT_VERSION = 5.0;
				TARGETED_DEVICE_FAMILY = "1,2";
				TEST_TARGET_NAME = HealthBuddy;
			};
			name = Release;
		};
/* End XCBuildConfiguration section */

/* Begin XCConfigurationList section */
		327743C22C09484800368411 /* Build configuration list for PBXProject "HealthBuddy" */ = {
			isa = XCConfigurationList;
			buildConfigurations = (
				327743E92C09485100368411 /* Debug */,
				327743EA2C09485100368411 /* Release */,
			);
			defaultConfigurationIsVisible = 0;
			defaultConfigurationName = Release;
		};
		327743EB2C09485100368411 /* Build configuration list for PBXNativeTarget "HealthBuddy" */ = {
			isa = XCConfigurationList;
			buildConfigurations = (
				327743EC2C09485100368411 /* Debug */,
				327743ED2C09485100368411 /* Release */,
			);
			defaultConfigurationIsVisible = 0;
			defaultConfigurationName = Release;
		};
		327743EE2C09485100368411 /* Build configuration list for PBXNativeTarget "HealthBuddyTests" */ = {
			isa = XCConfigurationList;
			buildConfigurations = (
				327743EF2C09485100368411 /* Debug */,
				327743F02C09485100368411 /* Release */,
			);
			defaultConfigurationIsVisible = 0;
			defaultConfigurationName = Release;
		};
		327743F12C09485100368411 /* Build configuration list for PBXNativeTarget "HealthBuddyUITests" */ = {
			isa = XCConfigurationList;
			buildConfigurations = (
				327743F22C09485100368411 /* Debug */,
				327743F32C09485100368411 /* Release */,
			);
			defaultConfigurationIsVisible = 0;
			defaultConfigurationName = Release;
		};
/* End XCConfigurationList section */
	};
	rootObject = 327743BF2C09484800368411 /* Project object */;
}
